// !$*UTF8*$!
{
	archiveVersion = 1;
	classes = {
	};
	objectVersion = 46;
	objects = {

/* Begin PBXBuildFile section */
		BAABE3181CDF3701005F455B /* Bezier.cpp in Sources */ = {isa = PBXBuildFile; fileRef = BAABE3111CDF3701005F455B /* Bezier.cpp */; };
		BAABE3191CDF3701005F455B /* Camera.cpp in Sources */ = {isa = PBXBuildFile; fileRef = BAABE3121CDF3701005F455B /* Camera.cpp */; };
		BAABE31A1CDF3701005F455B /* main.cpp in Sources */ = {isa = PBXBuildFile; fileRef = BAABE3131CDF3701005F455B /* main.cpp */; };
		BAABE31B1CDF3701005F455B /* Object.cpp in Sources */ = {isa = PBXBuildFile; fileRef = BAABE3141CDF3701005F455B /* Object.cpp */; };
		BAABE31C1CDF3701005F455B /* Partical.cpp in Sources */ = {isa = PBXBuildFile; fileRef = BAABE3151CDF3701005F455B /* Partical.cpp */; };
		BAABE31D1CDF3701005F455B /* ParticalRound.cpp in Sources */ = {isa = PBXBuildFile; fileRef = BAABE3161CDF3701005F455B /* ParticalRound.cpp */; };
		BAABE31E1CDF3701005F455B /* Physics.cpp in Sources */ = {isa = PBXBuildFile; fileRef = BAABE3171CDF3701005F455B /* Physics.cpp */; };
		BAC1B37D1CC97161007E6BE1 /* GLKit.framework in Frameworks */ = {isa = PBXBuildFile; fileRef = BAC1B37A1CC97161007E6BE1 /* GLKit.framework */; };
		BAC1B37E1CC97161007E6BE1 /* GLUT.framework in Frameworks */ = {isa = PBXBuildFile; fileRef = BAC1B37B1CC97161007E6BE1 /* GLUT.framework */; };
		BAC1B37F1CC97161007E6BE1 /* OpenGL.framework in Frameworks */ = {isa = PBXBuildFile; fileRef = BAC1B37C1CC97161007E6BE1 /* OpenGL.framework */; };
		BAC1B3811CC97188007E6BE1 /* GLUI.framework in Frameworks */ = {isa = PBXBuildFile; fileRef = BAC1B3801CC97188007E6BE1 /* GLUI.framework */; };
/* End PBXBuildFile section */

/* Begin PBXCopyFilesBuildPhase section */
		BAC1B36E1CC97141007E6BE1 /* CopyFiles */ = {
			isa = PBXCopyFilesBuildPhase;
			buildActionMask = 2147483647;
			dstPath = /usr/share/man/man1/;
			dstSubfolderSpec = 0;
			files = (
			);
			runOnlyForDeploymentPostprocessing = 1;
		};
/* End PBXCopyFilesBuildPhase section */

/* Begin PBXFileReference section */
		BAABE3041CDF3701005F455B /* Algebra.h */ = {isa = PBXFileReference; fileEncoding = 4; lastKnownFileType = sourcecode.c.h; path = Algebra.h; sourceTree = "<group>"; };
		BAABE3051CDF3701005F455B /* Camera.h */ = {isa = PBXFileReference; fileEncoding = 4; lastKnownFileType = sourcecode.c.h; path = Camera.h; sourceTree = "<group>"; };
		BAABE3061CDF3701005F455B /* Cone.h */ = {isa = PBXFileReference; fileEncoding = 4; lastKnownFileType = sourcecode.c.h; path = Cone.h; sourceTree = "<group>"; };
		BAABE3071CDF3701005F455B /* Cube.h */ = {isa = PBXFileReference; fileEncoding = 4; lastKnownFileType = sourcecode.c.h; path = Cube.h; sourceTree = "<group>"; };
		BAABE3081CDF3701005F455B /* Cylinder.h */ = {isa = PBXFileReference; fileEncoding = 4; lastKnownFileType = sourcecode.c.h; path = Cylinder.h; sourceTree = "<group>"; };
		BAABE3091CDF3701005F455B /* Shape.h */ = {isa = PBXFileReference; fileEncoding = 4; lastKnownFileType = sourcecode.c.h; path = Shape.h; sourceTree = "<group>"; };
		BAABE30A1CDF3701005F455B /* Torus.h */ = {isa = PBXFileReference; fileEncoding = 4; lastKnownFileType = sourcecode.c.h; path = Torus.h; sourceTree = "<group>"; };
		BAABE30B1CDF3701005F455B /* Bezier.hpp */ = {isa = PBXFileReference; fileEncoding = 4; lastKnownFileType = sourcecode.cpp.h; path = Bezier.hpp; sourceTree = "<group>"; };
		BAABE30C1CDF3701005F455B /* includeGL.hpp */ = {isa = PBXFileReference; fileEncoding = 4; lastKnownFileType = sourcecode.cpp.h; path = includeGL.hpp; sourceTree = "<group>"; };
		BAABE30D1CDF3701005F455B /* Object.hpp */ = {isa = PBXFileReference; fileEncoding = 4; lastKnownFileType = sourcecode.cpp.h; path = Object.hpp; sourceTree = "<group>"; };
		BAABE30E1CDF3701005F455B /* Partical.hpp */ = {isa = PBXFileReference; fileEncoding = 4; lastKnownFileType = sourcecode.cpp.h; path = Partical.hpp; sourceTree = "<group>"; };
		BAABE30F1CDF3701005F455B /* ParticalRound.hpp */ = {isa = PBXFileReference; fileEncoding = 4; lastKnownFileType = sourcecode.cpp.h; path = ParticalRound.hpp; sourceTree = "<group>"; };
		BAABE3101CDF3701005F455B /* Physics.hpp */ = {isa = PBXFileReference; fileEncoding = 4; lastKnownFileType = sourcecode.cpp.h; path = Physics.hpp; sourceTree = "<group>"; };
		BAABE3111CDF3701005F455B /* Bezier.cpp */ = {isa = PBXFileReference; fileEncoding = 4; lastKnownFileType = sourcecode.cpp.cpp; path = Bezier.cpp; sourceTree = "<group>"; };
		BAABE3121CDF3701005F455B /* Camera.cpp */ = {isa = PBXFileReference; fileEncoding = 4; lastKnownFileType = sourcecode.cpp.cpp; path = Camera.cpp; sourceTree = "<group>"; };
		BAABE3131CDF3701005F455B /* main.cpp */ = {isa = PBXFileReference; fileEncoding = 4; lastKnownFileType = sourcecode.cpp.cpp; path = main.cpp; sourceTree = "<group>"; };
		BAABE3141CDF3701005F455B /* Object.cpp */ = {isa = PBXFileReference; fileEncoding = 4; lastKnownFileType = sourcecode.cpp.cpp; path = Object.cpp; sourceTree = "<group>"; };
		BAABE3151CDF3701005F455B /* Partical.cpp */ = {isa = PBXFileReference; fileEncoding = 4; lastKnownFileType = sourcecode.cpp.cpp; path = Partical.cpp; sourceTree = "<group>"; };
		BAABE3161CDF3701005F455B /* ParticalRound.cpp */ = {isa = PBXFileReference; fileEncoding = 4; lastKnownFileType = sourcecode.cpp.cpp; path = ParticalRound.cpp; sourceTree = "<group>"; };
		BAABE3171CDF3701005F455B /* Physics.cpp */ = {isa = PBXFileReference; fileEncoding = 4; lastKnownFileType = sourcecode.cpp.cpp; path = Physics.cpp; sourceTree = "<group>"; };
		BAABE31F1CDF3828005F455B /* Sphere.h */ = {isa = PBXFileReference; lastKnownFileType = sourcecode.c.h; path = Sphere.h; sourceTree = "<group>"; };
		BAC1B3701CC97141007E6BE1 /* GraphicsFinal */ = {isa = PBXFileReference; explicitFileType = "compiled.mach-o.executable"; includeInIndex = 0; path = GraphicsFinal; sourceTree = BUILT_PRODUCTS_DIR; };
		BAC1B37A1CC97161007E6BE1 /* GLKit.framework */ = {isa = PBXFileReference; lastKnownFileType = wrapper.framework; name = GLKit.framework; path = System/Library/Frameworks/GLKit.framework; sourceTree = SDKROOT; };
		BAC1B37B1CC97161007E6BE1 /* GLUT.framework */ = {isa = PBXFileReference; lastKnownFileType = wrapper.framework; name = GLUT.framework; path = System/Library/Frameworks/GLUT.framework; sourceTree = SDKROOT; };
		BAC1B37C1CC97161007E6BE1 /* OpenGL.framework */ = {isa = PBXFileReference; lastKnownFileType = wrapper.framework; name = OpenGL.framework; path = System/Library/Frameworks/OpenGL.framework; sourceTree = SDKROOT; };
		BAC1B3801CC97188007E6BE1 /* GLUI.framework */ = {isa = PBXFileReference; lastKnownFileType = wrapper.framework; name = GLUI.framework; path = ../../../../../Library/Frameworks/GLUI.framework; sourceTree = "<group>"; };
/* End PBXFileReference section */

/* Begin PBXFrameworksBuildPhase section */
		BAC1B36D1CC97141007E6BE1 /* Frameworks */ = {
			isa = PBXFrameworksBuildPhase;
			buildActionMask = 2147483647;
			files = (
				BAC1B3811CC97188007E6BE1 /* GLUI.framework in Frameworks */,
				BAC1B37D1CC97161007E6BE1 /* GLKit.framework in Frameworks */,
				BAC1B37E1CC97161007E6BE1 /* GLUT.framework in Frameworks */,
				BAC1B37F1CC97161007E6BE1 /* OpenGL.framework in Frameworks */,
			);
			runOnlyForDeploymentPostprocessing = 0;
		};
/* End PBXFrameworksBuildPhase section */

/* Begin PBXGroup section */
		BAC1B3671CC97141007E6BE1 = {
			isa = PBXGroup;
			children = (
				BAC1B3801CC97188007E6BE1 /* GLUI.framework */,
				BAC1B37A1CC97161007E6BE1 /* GLKit.framework */,
				BAC1B37B1CC97161007E6BE1 /* GLUT.framework */,
				BAC1B37C1CC97161007E6BE1 /* OpenGL.framework */,
				BAC1B3721CC97141007E6BE1 /* GraphicsFinal */,
				BAC1B3711CC97141007E6BE1 /* Products */,
			);
			sourceTree = "<group>";
		};
		BAC1B3711CC97141007E6BE1 /* Products */ = {
			isa = PBXGroup;
			children = (
				BAC1B3701CC97141007E6BE1 /* GraphicsFinal */,
			);
			name = Products;
			sourceTree = "<group>";
		};
		BAC1B3721CC97141007E6BE1 /* GraphicsFinal */ = {
			isa = PBXGroup;
			children = (
				BAABE3041CDF3701005F455B /* Algebra.h */,
				BAABE3051CDF3701005F455B /* Camera.h */,
				BAABE3061CDF3701005F455B /* Cone.h */,
				BAABE3071CDF3701005F455B /* Cube.h */,
				BAABE3081CDF3701005F455B /* Cylinder.h */,
				BAABE3091CDF3701005F455B /* Shape.h */,
				BAABE30A1CDF3701005F455B /* Torus.h */,
				BAABE30B1CDF3701005F455B /* Bezier.hpp */,
				BAABE30C1CDF3701005F455B /* includeGL.hpp */,
				BAABE30D1CDF3701005F455B /* Object.hpp */,
				BAABE30E1CDF3701005F455B /* Partical.hpp */,
				BAABE30F1CDF3701005F455B /* ParticalRound.hpp */,
				BAABE3101CDF3701005F455B /* Physics.hpp */,
				BAABE31F1CDF3828005F455B /* Sphere.h */,
				BAABE3111CDF3701005F455B /* Bezier.cpp */,
				BAABE3121CDF3701005F455B /* Camera.cpp */,
				BAABE3131CDF3701005F455B /* main.cpp */,
				BAABE3141CDF3701005F455B /* Object.cpp */,
				BAABE3151CDF3701005F455B /* Partical.cpp */,
				BAABE3161CDF3701005F455B /* ParticalRound.cpp */,
				BAABE3171CDF3701005F455B /* Physics.cpp */,
			);
			path = GraphicsFinal;
			sourceTree = "<group>";
		};
/* End PBXGroup section */

/* Begin PBXNativeTarget section */
		BAC1B36F1CC97141007E6BE1 /* GraphicsFinal */ = {
			isa = PBXNativeTarget;
			buildConfigurationList = BAC1B3771CC97141007E6BE1 /* Build configuration list for PBXNativeTarget "GraphicsFinal" */;
			buildPhases = (
				BAC1B36C1CC97141007E6BE1 /* Sources */,
				BAC1B36D1CC97141007E6BE1 /* Frameworks */,
				BAC1B36E1CC97141007E6BE1 /* CopyFiles */,
			);
			buildRules = (
			);
			dependencies = (
			);
			name = GraphicsFinal;
			productName = GraphicsFinal;
			productReference = BAC1B3701CC97141007E6BE1 /* GraphicsFinal */;
			productType = "com.apple.product-type.tool";
		};
/* End PBXNativeTarget section */

/* Begin PBXProject section */
		BAC1B3681CC97141007E6BE1 /* Project object */ = {
			isa = PBXProject;
			attributes = {
				LastUpgradeCheck = 0730;
				ORGANIZATIONNAME = "Steven Pantin";
				TargetAttributes = {
					BAC1B36F1CC97141007E6BE1 = {
						CreatedOnToolsVersion = 7.3;
					};
				};
			};
			buildConfigurationList = BAC1B36B1CC97141007E6BE1 /* Build configuration list for PBXProject "GraphicsFinal" */;
			compatibilityVersion = "Xcode 3.2";
			developmentRegion = English;
			hasScannedForEncodings = 0;
			knownRegions = (
				en,
			);
			mainGroup = BAC1B3671CC97141007E6BE1;
			productRefGroup = BAC1B3711CC97141007E6BE1 /* Products */;
			projectDirPath = "";
			projectRoot = "";
			targets = (
				BAC1B36F1CC97141007E6BE1 /* GraphicsFinal */,
			);
		};
/* End PBXProject section */

/* Begin PBXSourcesBuildPhase section */
		BAC1B36C1CC97141007E6BE1 /* Sources */ = {
			isa = PBXSourcesBuildPhase;
			buildActionMask = 2147483647;
			files = (
				BAABE3191CDF3701005F455B /* Camera.cpp in Sources */,
				BAABE31C1CDF3701005F455B /* Partical.cpp in Sources */,
				BAABE3181CDF3701005F455B /* Bezier.cpp in Sources */,
				BAABE31B1CDF3701005F455B /* Object.cpp in Sources */,
				BAABE31D1CDF3701005F455B /* ParticalRound.cpp in Sources */,
				BAABE31E1CDF3701005F455B /* Physics.cpp in Sources */,
				BAABE31A1CDF3701005F455B /* main.cpp in Sources */,
			);
			runOnlyForDeploymentPostprocessing = 0;
		};
/* End PBXSourcesBuildPhase section */

/* Begin XCBuildConfiguration section */
		BAC1B3751CC97141007E6BE1 /* Debug */ = {
			isa = XCBuildConfiguration;
			buildSettings = {
				ALWAYS_SEARCH_USER_PATHS = NO;
				CLANG_ANALYZER_NONNULL = YES;
				CLANG_CXX_LANGUAGE_STANDARD = "gnu++0x";
				CLANG_CXX_LIBRARY = "libc++";
				CLANG_ENABLE_MODULES = YES;
				CLANG_ENABLE_OBJC_ARC = YES;
				CLANG_WARN_BOOL_CONVERSION = YES;
				CLANG_WARN_CONSTANT_CONVERSION = YES;
				CLANG_WARN_DIRECT_OBJC_ISA_USAGE = YES_ERROR;
				CLANG_WARN_EMPTY_BODY = YES;
				CLANG_WARN_ENUM_CONVERSION = YES;
				CLANG_WARN_INT_CONVERSION = YES;
				CLANG_WARN_OBJC_ROOT_CLASS = YES_ERROR;
				CLANG_WARN_UNREACHABLE_CODE = YES;
				CLANG_WARN__DUPLICATE_METHOD_MATCH = YES;
				CODE_SIGN_IDENTITY = "-";
				COPY_PHASE_STRIP = NO;
				DEBUG_INFORMATION_FORMAT = dwarf;
				ENABLE_STRICT_OBJC_MSGSEND = YES;
				ENABLE_TESTABILITY = YES;
				GCC_C_LANGUAGE_STANDARD = gnu99;
				GCC_DYNAMIC_NO_PIC = NO;
				GCC_NO_COMMON_BLOCKS = YES;
				GCC_OPTIMIZATION_LEVEL = 0;
				GCC_PREPROCESSOR_DEFINITIONS = (
					"DEBUG=1",
					"$(inherited)",
				);
				GCC_WARN_64_TO_32_BIT_CONVERSION = YES;
				GCC_WARN_ABOUT_RETURN_TYPE = YES_ERROR;
				GCC_WARN_UNDECLARED_SELECTOR = YES;
				GCC_WARN_UNINITIALIZED_AUTOS = YES_AGGRESSIVE;
				GCC_WARN_UNUSED_FUNCTION = YES;
				GCC_WARN_UNUSED_VARIABLE = YES;
				MACOSX_DEPLOYMENT_TARGET = 10.11;
				MTL_ENABLE_DEBUG_INFO = YES;
				ONLY_ACTIVE_ARCH = YES;
				SDKROOT = macosx;
			};
			name = Debug;
		};
		BAC1B3761CC97141007E6BE1 /* Release */ = {
			isa = XCBuildConfiguration;
			buildSettings = {
				ALWAYS_SEARCH_USER_PATHS = NO;
				CLANG_ANALYZER_NONNULL = YES;
				CLANG_CXX_LANGUAGE_STANDARD = "gnu++0x";
				CLANG_CXX_LIBRARY = "libc++";
				CLANG_ENABLE_MODULES = YES;
				CLANG_ENABLE_OBJC_ARC = YES;
				CLANG_WARN_BOOL_CONVERSION = YES;
				CLANG_WARN_CONSTANT_CONVERSION = YES;
				CLANG_WARN_DIRECT_OBJC_ISA_USAGE = YES_ERROR;
				CLANG_WARN_EMPTY_BODY = YES;
				CLANG_WARN_ENUM_CONVERSION = YES;
				CLANG_WARN_INT_CONVERSION = YES;
				CLANG_WARN_OBJC_ROOT_CLASS = YES_ERROR;
				CLANG_WARN_UNREACHABLE_CODE = YES;
				CLANG_WARN__DUPLICATE_METHOD_MATCH = YES;
				CODE_SIGN_IDENTITY = "-";
				COPY_PHASE_STRIP = NO;
				DEBUG_INFORMATION_FORMAT = "dwarf-with-dsym";
				ENABLE_NS_ASSERTIONS = NO;
				ENABLE_STRICT_OBJC_MSGSEND = YES;
				GCC_C_LANGUAGE_STANDARD = gnu99;
				GCC_NO_COMMON_BLOCKS = YES;
				GCC_WARN_64_TO_32_BIT_CONVERSION = YES;
				GCC_WARN_ABOUT_RETURN_TYPE = YES_ERROR;
				GCC_WARN_UNDECLARED_SELECTOR = YES;
				GCC_WARN_UNINITIALIZED_AUTOS = YES_AGGRESSIVE;
				GCC_WARN_UNUSED_FUNCTION = YES;
				GCC_WARN_UNUSED_VARIABLE = YES;
				MACOSX_DEPLOYMENT_TARGET = 10.11;
				MTL_ENABLE_DEBUG_INFO = NO;
				SDKROOT = macosx;
			};
			name = Release;
		};
		BAC1B3781CC97141007E6BE1 /* Debug */ = {
			isa = XCBuildConfiguration;
			buildSettings = {
				FRAMEWORK_SEARCH_PATHS = (
					"$(inherited)",
					"$(LOCAL_LIBRARY_DIR)/Frameworks",
				);
				PRODUCT_NAME = "$(TARGET_NAME)";
			};
			name = Debug;
		};
		BAC1B3791CC97141007E6BE1 /* Release */ = {
			isa = XCBuildConfiguration;
			buildSettings = {
				FRAMEWORK_SEARCH_PATHS = (
					"$(inherited)",
					"$(LOCAL_LIBRARY_DIR)/Frameworks",
				);
				PRODUCT_NAME = "$(TARGET_NAME)";
			};
			name = Release;
		};
/* End XCBuildConfiguration section */

/* Begin XCConfigurationList section */
		BAC1B36B1CC97141007E6BE1 /* Build configuration list for PBXProject "GraphicsFinal" */ = {
			isa = XCConfigurationList;
			buildConfigurations = (
				BAC1B3751CC97141007E6BE1 /* Debug */,
				BAC1B3761CC97141007E6BE1 /* Release */,
			);
			defaultConfigurationIsVisible = 0;
			defaultConfigurationName = Release;
		};
		BAC1B3771CC97141007E6BE1 /* Build configuration list for PBXNativeTarget "GraphicsFinal" */ = {
			isa = XCConfigurationList;
			buildConfigurations = (
				BAC1B3781CC97141007E6BE1 /* Debug */,
				BAC1B3791CC97141007E6BE1 /* Release */,
			);
			defaultConfigurationIsVisible = 0;
			defaultConfigurationName = Release;
		};
/* End XCConfigurationList section */
	};
	rootObject = BAC1B3681CC97141007E6BE1 /* Project object */;
}
